
Microsoft Visual Studio Solution File, Format Version 12.00
# Visual Studio Version 17
VisualStudioVersion = 17.0.32014.148
MinimumVisualStudioVersion = 10.0.40219.1
Project("{FAE04EC0-301F-11D3-BF4B-00C04F79EFBC}") = "JennyDemo.EF6.Framework", "JennyDemo.EF6.Framework\JennyDemo.EF6.Framework.csproj", "{8FF9DF73-7765-4029-8E4E-29C01816CA19}"
EndProject
Project("{9A19103F-16F7-4668-BE54-9A1E7A4F7556}") = "JennyDemo.EF6.Core", "JennyDemo.EF6.Core\JennyDemo.EF6.Core.csproj", "{F295E7DF-7108-4963-B701-76516541FD7C}"
EndProject
Project("{9A19103F-16F7-4668-BE54-9A1E7A4F7556}") = "JennyDemo.EFCore", "JennyDemo.EFCore\JennyDemo.EFCore.csproj", "{2FDC3CC3-26A7-4554-846D-C265EAFF12D2}"
EndProject
Project("{9A19103F-16F7-4668-BE54-9A1E7A4F7556}") = "JennyDemo.DOG", "JennyDemo.DOG\JennyDemo.DOG.csproj", "{D2921F2B-13C4-411C-8BEC-CF430FD9736E}"
EndProject
Project("{FAE04EC0-301F-11D3-BF4B-00C04F79EFBC}") = "JennyDemo.DAL.EF6.Framework", "JennyDemo.DAL.EF6.Framework\JennyDemo.DAL.EF6.Framework.csproj", "{21E76F8F-F46E-4482-A1EC-8C59ED62EDFD}"
EndProject
Project("{9A19103F-16F7-4668-BE54-9A1E7A4F7556}") = "JennyDemo.DAL.EF6.Core", "JennyDemo.DAL.EF6.Core\JennyDemo.DAL.EF6.Core.csproj", "{8323D253-0E8D-4916-B77A-A7FB1428CDF9}"
EndProject
Project("{9A19103F-16F7-4668-BE54-9A1E7A4F7556}") = "JennyDemo.DAL.EFCore", "JennyDemo.DAL.EFCore\JennyDemo.DAL.EFCore.csproj", "{9C9D49B9-15EF-45C0-9074-EF745E0FF4CF}"
EndProject
Project("{2150E333-8FDC-42A3-9474-1A3956D46DE8}") = "SolutionItems", "SolutionItems", "{CE8BD4E5-47A6-4D77-A11D-891D7EDF687F}"
	ProjectSection(SolutionItems) = preProject
		Directory.Build.props = Directory.Build.props
	EndProjectSection
EndProject
Project("{FAE04EC0-301F-11D3-BF4B-00C04F79EFBC}") = "JennyDemo.Config.EF6.Framework", "JennyDemo.Config.EF6.Framework\JennyDemo.Config.EF6.Framework.csproj", "{EA4269E5-7A52-4A42-8A89-35A0444A0C45}"
EndProject
Project("{FAE04EC0-301F-11D3-BF4B-00C04F79EFBC}") = "JennyDemo.Config.EF6.Core", "JennyDemo.Config.EF6.Core\JennyDemo.Config.EF6.Core.csproj", "{0C0A3551-18FE-42B0-88EF-A53D94BFBDAB}"
EndProject
Project("{9A19103F-16F7-4668-BE54-9A1E7A4F7556}") = "Jenny.DOG.Common", "Jenny.DOG.Common\Jenny.DOG.Common.csproj", "{38FB02AD-27DF-4441-88CA-6E61AC5D3298}"
EndProject
Project("{9A19103F-16F7-4668-BE54-9A1E7A4F7556}") = "Jenny.Coder.DbContextPerStatement", "Jenny.Coder.DbContextPerStatement\Jenny.Coder.DbContextPerStatement.csproj", "{31C13F36-A651-410E-84AC-DA951E6F62AF}"
EndProject
Project("{FAE04EC0-301F-11D3-BF4B-00C04F79EFBC}") = "JennyDemo.Config.EFCore", "JennyDemo.Config.EFCore\JennyDemo.Config.EFCore.csproj", "{9E70250C-9245-40F4-9EC0-638DD5FE6C93}"
EndProject
Project("{9A19103F-16F7-4668-BE54-9A1E7A4F7556}") = "Jenny.DAL.Common", "Jenny.DAL.Common\Jenny.DAL.Common.csproj", "{DBD54589-CB4B-4955-81FE-3B3E83E46671}"
EndProject
Project("{9A19103F-16F7-4668-BE54-9A1E7A4F7556}") = "Jenny.DAL.EF6", "Jenny.DAL.EF6\Jenny.DAL.EF6.csproj", "{A53321FF-CA41-4EC3-906D-3C7BD8EEF70D}"
EndProject
Project("{9A19103F-16F7-4668-BE54-9A1E7A4F7556}") = "Jenny.DAL.EFCore", "Jenny.DAL.EFCore\Jenny.DAL.EFCore.csproj", "{8B0E0725-0872-46BF-9147-93ECCAD4D14B}"
EndProject
Project("{9A19103F-16F7-4668-BE54-9A1E7A4F7556}") = "JennyDemo.Test.EFCore", "JennyDemo.Test.EFCore\JennyDemo.Test.EFCore.csproj", "{800029F1-1774-4233-8526-CFE3F90E1422}"
EndProject
Project("{9A19103F-16F7-4668-BE54-9A1E7A4F7556}") = "JennyDemo.Test.EF6", "JennyDemo.Test.EF6\JennyDemo.Test.EF6.csproj", "{9821FDCB-2794-4DBC-AC33-E516901C4920}"
EndProject
Global
	GlobalSection(SolutionConfigurationPlatforms) = preSolution
		Brad|Any CPU = Brad|Any CPU
		Brad|x86 = Brad|x86
		Debug|Any CPU = Debug|Any CPU
		Debug|x86 = Debug|x86
		Demo|Any CPU = Demo|Any CPU
		Demo|x86 = Demo|x86
		Release|Any CPU = Release|Any CPU
		Release|x86 = Release|x86
	EndGlobalSection
	GlobalSection(ProjectConfigurationPlatforms) = postSolution
		{8FF9DF73-7765-4029-8E4E-29C01816CA19}.Brad|Any CPU.ActiveCfg = Release|Any CPU
		{8FF9DF73-7765-4029-8E4E-29C01816CA19}.Brad|Any CPU.Build.0 = Release|Any CPU
		{8FF9DF73-7765-4029-8E4E-29C01816CA19}.Brad|x86.ActiveCfg = Release|Any CPU
		{8FF9DF73-7765-4029-8E4E-29C01816CA19}.Brad|x86.Build.0 = Release|Any CPU
		{8FF9DF73-7765-4029-8E4E-29C01816CA19}.Debug|Any CPU.ActiveCfg = Debug|Any CPU
		{8FF9DF73-7765-4029-8E4E-29C01816CA19}.Debug|Any CPU.Build.0 = Debug|Any CPU
		{8FF9DF73-7765-4029-8E4E-29C01816CA19}.Debug|x86.ActiveCfg = Debug|Any CPU
		{8FF9DF73-7765-4029-8E4E-29C01816CA19}.Debug|x86.Build.0 = Debug|Any CPU
		{8FF9DF73-7765-4029-8E4E-29C01816CA19}.Demo|Any CPU.ActiveCfg = Debug|Any CPU
		{8FF9DF73-7765-4029-8E4E-29C01816CA19}.Demo|Any CPU.Build.0 = Debug|Any CPU
		{8FF9DF73-7765-4029-8E4E-29C01816CA19}.Demo|x86.ActiveCfg = Debug|Any CPU
		{8FF9DF73-7765-4029-8E4E-29C01816CA19}.Demo|x86.Build.0 = Debug|Any CPU
		{8FF9DF73-7765-4029-8E4E-29C01816CA19}.Release|Any CPU.ActiveCfg = Release|Any CPU
		{8FF9DF73-7765-4029-8E4E-29C01816CA19}.Release|Any CPU.Build.0 = Release|Any CPU
		{8FF9DF73-7765-4029-8E4E-29C01816CA19}.Release|x86.ActiveCfg = Release|Any CPU
		{8FF9DF73-7765-4029-8E4E-29C01816CA19}.Release|x86.Build.0 = Release|Any CPU
		{F295E7DF-7108-4963-B701-76516541FD7C}.Brad|Any CPU.ActiveCfg = Release|Any CPU
		{F295E7DF-7108-4963-B701-76516541FD7C}.Brad|Any CPU.Build.0 = Release|Any CPU
		{F295E7DF-7108-4963-B701-76516541FD7C}.Brad|x86.ActiveCfg = Release|Any CPU
		{F295E7DF-7108-4963-B701-76516541FD7C}.Brad|x86.Build.0 = Release|Any CPU
		{F295E7DF-7108-4963-B701-76516541FD7C}.Debug|Any CPU.ActiveCfg = Debug|Any CPU
		{F295E7DF-7108-4963-B701-76516541FD7C}.Debug|Any CPU.Build.0 = Debug|Any CPU
		{F295E7DF-7108-4963-B701-76516541FD7C}.Debug|x86.ActiveCfg = Debug|Any CPU
		{F295E7DF-7108-4963-B701-76516541FD7C}.Debug|x86.Build.0 = Debug|Any CPU
		{F295E7DF-7108-4963-B701-76516541FD7C}.Demo|Any CPU.ActiveCfg = Debug|Any CPU
		{F295E7DF-7108-4963-B701-76516541FD7C}.Demo|Any CPU.Build.0 = Debug|Any CPU
		{F295E7DF-7108-4963-B701-76516541FD7C}.Demo|x86.ActiveCfg = Debug|Any CPU
		{F295E7DF-7108-4963-B701-76516541FD7C}.Demo|x86.Build.0 = Debug|Any CPU
		{F295E7DF-7108-4963-B701-76516541FD7C}.Release|Any CPU.ActiveCfg = Release|Any CPU
		{F295E7DF-7108-4963-B701-76516541FD7C}.Release|Any CPU.Build.0 = Release|Any CPU
		{F295E7DF-7108-4963-B701-76516541FD7C}.Release|x86.ActiveCfg = Release|Any CPU
		{F295E7DF-7108-4963-B701-76516541FD7C}.Release|x86.Build.0 = Release|Any CPU
		{2FDC3CC3-26A7-4554-846D-C265EAFF12D2}.Brad|Any CPU.ActiveCfg = Release|Any CPU
		{2FDC3CC3-26A7-4554-846D-C265EAFF12D2}.Brad|Any CPU.Build.0 = Release|Any CPU
		{2FDC3CC3-26A7-4554-846D-C265EAFF12D2}.Brad|x86.ActiveCfg = Release|Any CPU
		{2FDC3CC3-26A7-4554-846D-C265EAFF12D2}.Brad|x86.Build.0 = Release|Any CPU
		{2FDC3CC3-26A7-4554-846D-C265EAFF12D2}.Debug|Any CPU.ActiveCfg = Debug|Any CPU
		{2FDC3CC3-26A7-4554-846D-C265EAFF12D2}.Debug|Any CPU.Build.0 = Debug|Any CPU
		{2FDC3CC3-26A7-4554-846D-C265EAFF12D2}.Debug|x86.ActiveCfg = Debug|Any CPU
		{2FDC3CC3-26A7-4554-846D-C265EAFF12D2}.Debug|x86.Build.0 = Debug|Any CPU
		{2FDC3CC3-26A7-4554-846D-C265EAFF12D2}.Demo|Any CPU.ActiveCfg = Debug|Any CPU
		{2FDC3CC3-26A7-4554-846D-C265EAFF12D2}.Demo|Any CPU.Build.0 = Debug|Any CPU
		{2FDC3CC3-26A7-4554-846D-C265EAFF12D2}.Demo|x86.ActiveCfg = Debug|Any CPU
		{2FDC3CC3-26A7-4554-846D-C265EAFF12D2}.Demo|x86.Build.0 = Debug|Any CPU
		{2FDC3CC3-26A7-4554-846D-C265EAFF12D2}.Release|Any CPU.ActiveCfg = Release|Any CPU
		{2FDC3CC3-26A7-4554-846D-C265EAFF12D2}.Release|Any CPU.Build.0 = Release|Any CPU
		{2FDC3CC3-26A7-4554-846D-C265EAFF12D2}.Release|x86.ActiveCfg = Release|Any CPU
		{2FDC3CC3-26A7-4554-846D-C265EAFF12D2}.Release|x86.Build.0 = Release|Any CPU
		{D2921F2B-13C4-411C-8BEC-CF430FD9736E}.Brad|Any CPU.ActiveCfg = Release|Any CPU
		{D2921F2B-13C4-411C-8BEC-CF430FD9736E}.Brad|Any CPU.Build.0 = Release|Any CPU
		{D2921F2B-13C4-411C-8BEC-CF430FD9736E}.Brad|x86.ActiveCfg = Release|Any CPU
		{D2921F2B-13C4-411C-8BEC-CF430FD9736E}.Brad|x86.Build.0 = Release|Any CPU
		{D2921F2B-13C4-411C-8BEC-CF430FD9736E}.Debug|Any CPU.ActiveCfg = Debug|Any CPU
		{D2921F2B-13C4-411C-8BEC-CF430FD9736E}.Debug|Any CPU.Build.0 = Debug|Any CPU
		{D2921F2B-13C4-411C-8BEC-CF430FD9736E}.Debug|x86.ActiveCfg = Debug|Any CPU
		{D2921F2B-13C4-411C-8BEC-CF430FD9736E}.Debug|x86.Build.0 = Debug|Any CPU
		{D2921F2B-13C4-411C-8BEC-CF430FD9736E}.Demo|Any CPU.ActiveCfg = Debug|Any CPU
		{D2921F2B-13C4-411C-8BEC-CF430FD9736E}.Demo|Any CPU.Build.0 = Debug|Any CPU
		{D2921F2B-13C4-411C-8BEC-CF430FD9736E}.Demo|x86.ActiveCfg = Debug|Any CPU
		{D2921F2B-13C4-411C-8BEC-CF430FD9736E}.Demo|x86.Build.0 = Debug|Any CPU
		{D2921F2B-13C4-411C-8BEC-CF430FD9736E}.Release|Any CPU.ActiveCfg = Release|Any CPU
		{D2921F2B-13C4-411C-8BEC-CF430FD9736E}.Release|Any CPU.Build.0 = Release|Any CPU
		{D2921F2B-13C4-411C-8BEC-CF430FD9736E}.Release|x86.ActiveCfg = Release|Any CPU
		{D2921F2B-13C4-411C-8BEC-CF430FD9736E}.Release|x86.Build.0 = Release|Any CPU
		{21E76F8F-F46E-4482-A1EC-8C59ED62EDFD}.Brad|Any CPU.ActiveCfg = Release|Any CPU
		{21E76F8F-F46E-4482-A1EC-8C59ED62EDFD}.Brad|Any CPU.Build.0 = Release|Any CPU
		{21E76F8F-F46E-4482-A1EC-8C59ED62EDFD}.Brad|x86.ActiveCfg = Release|Any CPU
		{21E76F8F-F46E-4482-A1EC-8C59ED62EDFD}.Brad|x86.Build.0 = Release|Any CPU
		{21E76F8F-F46E-4482-A1EC-8C59ED62EDFD}.Debug|Any CPU.ActiveCfg = Debug|Any CPU
		{21E76F8F-F46E-4482-A1EC-8C59ED62EDFD}.Debug|Any CPU.Build.0 = Debug|Any CPU
		{21E76F8F-F46E-4482-A1EC-8C59ED62EDFD}.Debug|x86.ActiveCfg = Debug|Any CPU
		{21E76F8F-F46E-4482-A1EC-8C59ED62EDFD}.Debug|x86.Build.0 = Debug|Any CPU
		{21E76F8F-F46E-4482-A1EC-8C59ED62EDFD}.Demo|Any CPU.ActiveCfg = Debug|Any CPU
		{21E76F8F-F46E-4482-A1EC-8C59ED62EDFD}.Demo|Any CPU.Build.0 = Debug|Any CPU
		{21E76F8F-F46E-4482-A1EC-8C59ED62EDFD}.Demo|x86.ActiveCfg = Debug|Any CPU
		{21E76F8F-F46E-4482-A1EC-8C59ED62EDFD}.Demo|x86.Build.0 = Debug|Any CPU
		{21E76F8F-F46E-4482-A1EC-8C59ED62EDFD}.Release|Any CPU.ActiveCfg = Release|Any CPU
		{21E76F8F-F46E-4482-A1EC-8C59ED62EDFD}.Release|Any CPU.Build.0 = Release|Any CPU
		{21E76F8F-F46E-4482-A1EC-8C59ED62EDFD}.Release|x86.ActiveCfg = Release|Any CPU
		{21E76F8F-F46E-4482-A1EC-8C59ED62EDFD}.Release|x86.Build.0 = Release|Any CPU
		{8323D253-0E8D-4916-B77A-A7FB1428CDF9}.Brad|Any CPU.ActiveCfg = Release|Any CPU
		{8323D253-0E8D-4916-B77A-A7FB1428CDF9}.Brad|Any CPU.Build.0 = Release|Any CPU
		{8323D253-0E8D-4916-B77A-A7FB1428CDF9}.Brad|x86.ActiveCfg = Release|Any CPU
		{8323D253-0E8D-4916-B77A-A7FB1428CDF9}.Brad|x86.Build.0 = Release|Any CPU
		{8323D253-0E8D-4916-B77A-A7FB1428CDF9}.Debug|Any CPU.ActiveCfg = Debug|Any CPU
		{8323D253-0E8D-4916-B77A-A7FB1428CDF9}.Debug|Any CPU.Build.0 = Debug|Any CPU
		{8323D253-0E8D-4916-B77A-A7FB1428CDF9}.Debug|x86.ActiveCfg = Debug|Any CPU
		{8323D253-0E8D-4916-B77A-A7FB1428CDF9}.Debug|x86.Build.0 = Debug|Any CPU
		{8323D253-0E8D-4916-B77A-A7FB1428CDF9}.Demo|Any CPU.ActiveCfg = Debug|Any CPU
		{8323D253-0E8D-4916-B77A-A7FB1428CDF9}.Demo|Any CPU.Build.0 = Debug|Any CPU
		{8323D253-0E8D-4916-B77A-A7FB1428CDF9}.Demo|x86.ActiveCfg = Debug|Any CPU
		{8323D253-0E8D-4916-B77A-A7FB1428CDF9}.Demo|x86.Build.0 = Debug|Any CPU
		{8323D253-0E8D-4916-B77A-A7FB1428CDF9}.Release|Any CPU.ActiveCfg = Release|Any CPU
		{8323D253-0E8D-4916-B77A-A7FB1428CDF9}.Release|Any CPU.Build.0 = Release|Any CPU
		{8323D253-0E8D-4916-B77A-A7FB1428CDF9}.Release|x86.ActiveCfg = Release|Any CPU
		{8323D253-0E8D-4916-B77A-A7FB1428CDF9}.Release|x86.Build.0 = Release|Any CPU
		{9C9D49B9-15EF-45C0-9074-EF745E0FF4CF}.Brad|Any CPU.ActiveCfg = Release|Any CPU
		{9C9D49B9-15EF-45C0-9074-EF745E0FF4CF}.Brad|Any CPU.Build.0 = Release|Any CPU
		{9C9D49B9-15EF-45C0-9074-EF745E0FF4CF}.Brad|x86.ActiveCfg = Release|Any CPU
		{9C9D49B9-15EF-45C0-9074-EF745E0FF4CF}.Brad|x86.Build.0 = Release|Any CPU
		{9C9D49B9-15EF-45C0-9074-EF745E0FF4CF}.Debug|Any CPU.ActiveCfg = Debug|Any CPU
		{9C9D49B9-15EF-45C0-9074-EF745E0FF4CF}.Debug|Any CPU.Build.0 = Debug|Any CPU
		{9C9D49B9-15EF-45C0-9074-EF745E0FF4CF}.Debug|x86.ActiveCfg = Debug|Any CPU
		{9C9D49B9-15EF-45C0-9074-EF745E0FF4CF}.Debug|x86.Build.0 = Debug|Any CPU
		{9C9D49B9-15EF-45C0-9074-EF745E0FF4CF}.Demo|Any CPU.ActiveCfg = Debug|Any CPU
		{9C9D49B9-15EF-45C0-9074-EF745E0FF4CF}.Demo|Any CPU.Build.0 = Debug|Any CPU
		{9C9D49B9-15EF-45C0-9074-EF745E0FF4CF}.Demo|x86.ActiveCfg = Debug|Any CPU
		{9C9D49B9-15EF-45C0-9074-EF745E0FF4CF}.Demo|x86.Build.0 = Debug|Any CPU
		{9C9D49B9-15EF-45C0-9074-EF745E0FF4CF}.Release|Any CPU.ActiveCfg = Release|Any CPU
		{9C9D49B9-15EF-45C0-9074-EF745E0FF4CF}.Release|Any CPU.Build.0 = Release|Any CPU
		{9C9D49B9-15EF-45C0-9074-EF745E0FF4CF}.Release|x86.ActiveCfg = Release|Any CPU
		{9C9D49B9-15EF-45C0-9074-EF745E0FF4CF}.Release|x86.Build.0 = Release|Any CPU
		{EA4269E5-7A52-4A42-8A89-35A0444A0C45}.Brad|Any CPU.ActiveCfg = Release|Any CPU
		{EA4269E5-7A52-4A42-8A89-35A0444A0C45}.Brad|Any CPU.Build.0 = Release|Any CPU
		{EA4269E5-7A52-4A42-8A89-35A0444A0C45}.Brad|x86.ActiveCfg = Release|Any CPU
		{EA4269E5-7A52-4A42-8A89-35A0444A0C45}.Brad|x86.Build.0 = Release|Any CPU
		{EA4269E5-7A52-4A42-8A89-35A0444A0C45}.Debug|Any CPU.ActiveCfg = Debug|Any CPU
		{EA4269E5-7A52-4A42-8A89-35A0444A0C45}.Debug|Any CPU.Build.0 = Debug|Any CPU
		{EA4269E5-7A52-4A42-8A89-35A0444A0C45}.Debug|x86.ActiveCfg = Debug|Any CPU
		{EA4269E5-7A52-4A42-8A89-35A0444A0C45}.Debug|x86.Build.0 = Debug|Any CPU
		{EA4269E5-7A52-4A42-8A89-35A0444A0C45}.Demo|Any CPU.ActiveCfg = Debug|Any CPU
		{EA4269E5-7A52-4A42-8A89-35A0444A0C45}.Demo|Any CPU.Build.0 = Debug|Any CPU
		{EA4269E5-7A52-4A42-8A89-35A0444A0C45}.Demo|x86.ActiveCfg = Debug|Any CPU
		{EA4269E5-7A52-4A42-8A89-35A0444A0C45}.Demo|x86.Build.0 = Debug|Any CPU
		{EA4269E5-7A52-4A42-8A89-35A0444A0C45}.Release|Any CPU.ActiveCfg = Release|Any CPU
		{EA4269E5-7A52-4A42-8A89-35A0444A0C45}.Release|Any CPU.Build.0 = Release|Any CPU
		{EA4269E5-7A52-4A42-8A89-35A0444A0C45}.Release|x86.ActiveCfg = Release|Any CPU
		{EA4269E5-7A52-4A42-8A89-35A0444A0C45}.Release|x86.Build.0 = Release|Any CPU
		{0C0A3551-18FE-42B0-88EF-A53D94BFBDAB}.Brad|Any CPU.ActiveCfg = Debug|Any CPU
		{0C0A3551-18FE-42B0-88EF-A53D94BFBDAB}.Brad|Any CPU.Build.0 = Debug|Any CPU
		{0C0A3551-18FE-42B0-88EF-A53D94BFBDAB}.Brad|x86.ActiveCfg = Debug|Any CPU
		{0C0A3551-18FE-42B0-88EF-A53D94BFBDAB}.Brad|x86.Build.0 = Debug|Any CPU
		{0C0A3551-18FE-42B0-88EF-A53D94BFBDAB}.Debug|Any CPU.ActiveCfg = Debug|Any CPU
		{0C0A3551-18FE-42B0-88EF-A53D94BFBDAB}.Debug|Any CPU.Build.0 = Debug|Any CPU
		{0C0A3551-18FE-42B0-88EF-A53D94BFBDAB}.Debug|x86.ActiveCfg = Debug|Any CPU
		{0C0A3551-18FE-42B0-88EF-A53D94BFBDAB}.Debug|x86.Build.0 = Debug|Any CPU
		{0C0A3551-18FE-42B0-88EF-A53D94BFBDAB}.Demo|Any CPU.ActiveCfg = Debug|Any CPU
		{0C0A3551-18FE-42B0-88EF-A53D94BFBDAB}.Demo|Any CPU.Build.0 = Debug|Any CPU
		{0C0A3551-18FE-42B0-88EF-A53D94BFBDAB}.Demo|x86.ActiveCfg = Debug|Any CPU
		{0C0A3551-18FE-42B0-88EF-A53D94BFBDAB}.Demo|x86.Build.0 = Debug|Any CPU
		{0C0A3551-18FE-42B0-88EF-A53D94BFBDAB}.Release|Any CPU.ActiveCfg = Release|Any CPU
		{0C0A3551-18FE-42B0-88EF-A53D94BFBDAB}.Release|Any CPU.Build.0 = Release|Any CPU
		{0C0A3551-18FE-42B0-88EF-A53D94BFBDAB}.Release|x86.ActiveCfg = Release|Any CPU
		{0C0A3551-18FE-42B0-88EF-A53D94BFBDAB}.Release|x86.Build.0 = Release|Any CPU
		{38FB02AD-27DF-4441-88CA-6E61AC5D3298}.Brad|Any CPU.ActiveCfg = Debug|Any CPU
		{38FB02AD-27DF-4441-88CA-6E61AC5D3298}.Brad|Any CPU.Build.0 = Debug|Any CPU
		{38FB02AD-27DF-4441-88CA-6E61AC5D3298}.Brad|x86.ActiveCfg = Debug|Any CPU
		{38FB02AD-27DF-4441-88CA-6E61AC5D3298}.Brad|x86.Build.0 = Debug|Any CPU
		{38FB02AD-27DF-4441-88CA-6E61AC5D3298}.Debug|Any CPU.ActiveCfg = Debug|Any CPU
		{38FB02AD-27DF-4441-88CA-6E61AC5D3298}.Debug|Any CPU.Build.0 = Debug|Any CPU
		{38FB02AD-27DF-4441-88CA-6E61AC5D3298}.Debug|x86.ActiveCfg = Debug|Any CPU
		{38FB02AD-27DF-4441-88CA-6E61AC5D3298}.Debug|x86.Build.0 = Debug|Any CPU
		{38FB02AD-27DF-4441-88CA-6E61AC5D3298}.Demo|Any CPU.ActiveCfg = Debug|Any CPU
		{38FB02AD-27DF-4441-88CA-6E61AC5D3298}.Demo|Any CPU.Build.0 = Debug|Any CPU
		{38FB02AD-27DF-4441-88CA-6E61AC5D3298}.Demo|x86.ActiveCfg = Debug|Any CPU
		{38FB02AD-27DF-4441-88CA-6E61AC5D3298}.Demo|x86.Build.0 = Debug|Any CPU
		{38FB02AD-27DF-4441-88CA-6E61AC5D3298}.Release|Any CPU.ActiveCfg = Release|Any CPU
		{38FB02AD-27DF-4441-88CA-6E61AC5D3298}.Release|Any CPU.Build.0 = Release|Any CPU
		{38FB02AD-27DF-4441-88CA-6E61AC5D3298}.Release|x86.ActiveCfg = Release|Any CPU
		{38FB02AD-27DF-4441-88CA-6E61AC5D3298}.Release|x86.Build.0 = Release|Any CPU
		{31C13F36-A651-410E-84AC-DA951E6F62AF}.Brad|Any CPU.ActiveCfg = Debug|Any CPU
		{31C13F36-A651-410E-84AC-DA951E6F62AF}.Brad|Any CPU.Build.0 = Debug|Any CPU
		{31C13F36-A651-410E-84AC-DA951E6F62AF}.Brad|x86.ActiveCfg = Debug|Any CPU
		{31C13F36-A651-410E-84AC-DA951E6F62AF}.Brad|x86.Build.0 = Debug|Any CPU
		{31C13F36-A651-410E-84AC-DA951E6F62AF}.Debug|Any CPU.ActiveCfg = Debug|Any CPU
		{31C13F36-A651-410E-84AC-DA951E6F62AF}.Debug|Any CPU.Build.0 = Debug|Any CPU
		{31C13F36-A651-410E-84AC-DA951E6F62AF}.Debug|x86.ActiveCfg = Debug|Any CPU
		{31C13F36-A651-410E-84AC-DA951E6F62AF}.Debug|x86.Build.0 = Debug|Any CPU
		{31C13F36-A651-410E-84AC-DA951E6F62AF}.Demo|Any CPU.ActiveCfg = Debug|Any CPU
		{31C13F36-A651-410E-84AC-DA951E6F62AF}.Demo|Any CPU.Build.0 = Debug|Any CPU
		{31C13F36-A651-410E-84AC-DA951E6F62AF}.Demo|x86.ActiveCfg = Debug|Any CPU
		{31C13F36-A651-410E-84AC-DA951E6F62AF}.Demo|x86.Build.0 = Debug|Any CPU
		{31C13F36-A651-410E-84AC-DA951E6F62AF}.Release|Any CPU.ActiveCfg = Release|Any CPU
		{31C13F36-A651-410E-84AC-DA951E6F62AF}.Release|Any CPU.Build.0 = Release|Any CPU
		{31C13F36-A651-410E-84AC-DA951E6F62AF}.Release|x86.ActiveCfg = Release|Any CPU
		{31C13F36-A651-410E-84AC-DA951E6F62AF}.Release|x86.Build.0 = Release|Any CPU
		{9E70250C-9245-40F4-9EC0-638DD5FE6C93}.Brad|Any CPU.ActiveCfg = Debug|Any CPU
		{9E70250C-9245-40F4-9EC0-638DD5FE6C93}.Brad|Any CPU.Build.0 = Debug|Any CPU
		{9E70250C-9245-40F4-9EC0-638DD5FE6C93}.Brad|x86.ActiveCfg = Debug|Any CPU
		{9E70250C-9245-40F4-9EC0-638DD5FE6C93}.Brad|x86.Build.0 = Debug|Any CPU
		{9E70250C-9245-40F4-9EC0-638DD5FE6C93}.Debug|Any CPU.ActiveCfg = Debug|Any CPU
		{9E70250C-9245-40F4-9EC0-638DD5FE6C93}.Debug|Any CPU.Build.0 = Debug|Any CPU
		{9E70250C-9245-40F4-9EC0-638DD5FE6C93}.Debug|x86.ActiveCfg = Debug|Any CPU
		{9E70250C-9245-40F4-9EC0-638DD5FE6C93}.Debug|x86.Build.0 = Debug|Any CPU
		{9E70250C-9245-40F4-9EC0-638DD5FE6C93}.Demo|Any CPU.ActiveCfg = Debug|Any CPU
		{9E70250C-9245-40F4-9EC0-638DD5FE6C93}.Demo|Any CPU.Build.0 = Debug|Any CPU
		{9E70250C-9245-40F4-9EC0-638DD5FE6C93}.Demo|x86.ActiveCfg = Debug|Any CPU
		{9E70250C-9245-40F4-9EC0-638DD5FE6C93}.Demo|x86.Build.0 = Debug|Any CPU
		{9E70250C-9245-40F4-9EC0-638DD5FE6C93}.Release|Any CPU.ActiveCfg = Release|Any CPU
		{9E70250C-9245-40F4-9EC0-638DD5FE6C93}.Release|Any CPU.Build.0 = Release|Any CPU
		{9E70250C-9245-40F4-9EC0-638DD5FE6C93}.Release|x86.ActiveCfg = Release|Any CPU
		{9E70250C-9245-40F4-9EC0-638DD5FE6C93}.Release|x86.Build.0 = Release|Any CPU
		{DBD54589-CB4B-4955-81FE-3B3E83E46671}.Brad|Any CPU.ActiveCfg = Debug|Any CPU
		{DBD54589-CB4B-4955-81FE-3B3E83E46671}.Brad|Any CPU.Build.0 = Debug|Any CPU
		{DBD54589-CB4B-4955-81FE-3B3E83E46671}.Brad|x86.ActiveCfg = Debug|Any CPU
		{DBD54589-CB4B-4955-81FE-3B3E83E46671}.Brad|x86.Build.0 = Debug|Any CPU
		{DBD54589-CB4B-4955-81FE-3B3E83E46671}.Debug|Any CPU.ActiveCfg = Debug|Any CPU
		{DBD54589-CB4B-4955-81FE-3B3E83E46671}.Debug|Any CPU.Build.0 = Debug|Any CPU
		{DBD54589-CB4B-4955-81FE-3B3E83E46671}.Debug|x86.ActiveCfg = Debug|Any CPU
		{DBD54589-CB4B-4955-81FE-3B3E83E46671}.Debug|x86.Build.0 = Debug|Any CPU
		{DBD54589-CB4B-4955-81FE-3B3E83E46671}.Demo|Any CPU.ActiveCfg = Debug|Any CPU
		{DBD54589-CB4B-4955-81FE-3B3E83E46671}.Demo|Any CPU.Build.0 = Debug|Any CPU
		{DBD54589-CB4B-4955-81FE-3B3E83E46671}.Demo|x86.ActiveCfg = Debug|Any CPU
		{DBD54589-CB4B-4955-81FE-3B3E83E46671}.Demo|x86.Build.0 = Debug|Any CPU
		{DBD54589-CB4B-4955-81FE-3B3E83E46671}.Release|Any CPU.ActiveCfg = Release|Any CPU
		{DBD54589-CB4B-4955-81FE-3B3E83E46671}.Release|Any CPU.Build.0 = Release|Any CPU
		{DBD54589-CB4B-4955-81FE-3B3E83E46671}.Release|x86.ActiveCfg = Release|Any CPU
		{DBD54589-CB4B-4955-81FE-3B3E83E46671}.Release|x86.Build.0 = Release|Any CPU
		{A53321FF-CA41-4EC3-906D-3C7BD8EEF70D}.Brad|Any CPU.ActiveCfg = Debug|Any CPU
		{A53321FF-CA41-4EC3-906D-3C7BD8EEF70D}.Brad|Any CPU.Build.0 = Debug|Any CPU
		{A53321FF-CA41-4EC3-906D-3C7BD8EEF70D}.Brad|x86.ActiveCfg = Debug|Any CPU
		{A53321FF-CA41-4EC3-906D-3C7BD8EEF70D}.Brad|x86.Build.0 = Debug|Any CPU
		{A53321FF-CA41-4EC3-906D-3C7BD8EEF70D}.Debug|Any CPU.ActiveCfg = Debug|Any CPU
		{A53321FF-CA41-4EC3-906D-3C7BD8EEF70D}.Debug|Any CPU.Build.0 = Debug|Any CPU
		{A53321FF-CA41-4EC3-906D-3C7BD8EEF70D}.Debug|x86.ActiveCfg = Debug|Any CPU
		{A53321FF-CA41-4EC3-906D-3C7BD8EEF70D}.Debug|x86.Build.0 = Debug|Any CPU
		{A53321FF-CA41-4EC3-906D-3C7BD8EEF70D}.Demo|Any CPU.ActiveCfg = Debug|Any CPU
		{A53321FF-CA41-4EC3-906D-3C7BD8EEF70D}.Demo|Any CPU.Build.0 = Debug|Any CPU
		{A53321FF-CA41-4EC3-906D-3C7BD8EEF70D}.Demo|x86.ActiveCfg = Debug|Any CPU
		{A53321FF-CA41-4EC3-906D-3C7BD8EEF70D}.Demo|x86.Build.0 = Debug|Any CPU
		{A53321FF-CA41-4EC3-906D-3C7BD8EEF70D}.Release|Any CPU.ActiveCfg = Release|Any CPU
		{A53321FF-CA41-4EC3-906D-3C7BD8EEF70D}.Release|Any CPU.Build.0 = Release|Any CPU
		{A53321FF-CA41-4EC3-906D-3C7BD8EEF70D}.Release|x86.ActiveCfg = Release|Any CPU
		{A53321FF-CA41-4EC3-906D-3C7BD8EEF70D}.Release|x86.Build.0 = Release|Any CPU
		{8B0E0725-0872-46BF-9147-93ECCAD4D14B}.Brad|Any CPU.ActiveCfg = Debug|Any CPU
		{8B0E0725-0872-46BF-9147-93ECCAD4D14B}.Brad|Any CPU.Build.0 = Debug|Any CPU
		{8B0E0725-0872-46BF-9147-93ECCAD4D14B}.Brad|x86.ActiveCfg = Debug|Any CPU
		{8B0E0725-0872-46BF-9147-93ECCAD4D14B}.Brad|x86.Build.0 = Debug|Any CPU
		{8B0E0725-0872-46BF-9147-93ECCAD4D14B}.Debug|Any CPU.ActiveCfg = Debug|Any CPU
		{8B0E0725-0872-46BF-9147-93ECCAD4D14B}.Debug|Any CPU.Build.0 = Debug|Any CPU
		{8B0E0725-0872-46BF-9147-93ECCAD4D14B}.Debug|x86.ActiveCfg = Debug|Any CPU
		{8B0E0725-0872-46BF-9147-93ECCAD4D14B}.Debug|x86.Build.0 = Debug|Any CPU
		{8B0E0725-0872-46BF-9147-93ECCAD4D14B}.Demo|Any CPU.ActiveCfg = Debug|Any CPU
		{8B0E0725-0872-46BF-9147-93ECCAD4D14B}.Demo|Any CPU.Build.0 = Debug|Any CPU
		{8B0E0725-0872-46BF-9147-93ECCAD4D14B}.Demo|x86.ActiveCfg = Debug|Any CPU
		{8B0E0725-0872-46BF-9147-93ECCAD4D14B}.Demo|x86.Build.0 = Debug|Any CPU
		{8B0E0725-0872-46BF-9147-93ECCAD4D14B}.Release|Any CPU.ActiveCfg = Release|Any CPU
		{8B0E0725-0872-46BF-9147-93ECCAD4D14B}.Release|Any CPU.Build.0 = Release|Any CPU
		{8B0E0725-0872-46BF-9147-93ECCAD4D14B}.Release|x86.ActiveCfg = Release|Any CPU
		{8B0E0725-0872-46BF-9147-93ECCAD4D14B}.Release|x86.Build.0 = Release|Any CPU
		{800029F1-1774-4233-8526-CFE3F90E1422}.Brad|Any CPU.ActiveCfg = Debug|Any CPU
		{800029F1-1774-4233-8526-CFE3F90E1422}.Brad|Any CPU.Build.0 = Debug|Any CPU
		{800029F1-1774-4233-8526-CFE3F90E1422}.Brad|x86.ActiveCfg = Debug|Any CPU
		{800029F1-1774-4233-8526-CFE3F90E1422}.Brad|x86.Build.0 = Debug|Any CPU
		{800029F1-1774-4233-8526-CFE3F90E1422}.Debug|Any CPU.ActiveCfg = Debug|Any CPU
		{800029F1-1774-4233-8526-CFE3F90E1422}.Debug|Any CPU.Build.0 = Debug|Any CPU
		{800029F1-1774-4233-8526-CFE3F90E1422}.Debug|x86.ActiveCfg = Debug|Any CPU
		{800029F1-1774-4233-8526-CFE3F90E1422}.Debug|x86.Build.0 = Debug|Any CPU
		{800029F1-1774-4233-8526-CFE3F90E1422}.Demo|Any CPU.ActiveCfg = Debug|Any CPU
		{800029F1-1774-4233-8526-CFE3F90E1422}.Demo|Any CPU.Build.0 = Debug|Any CPU
		{800029F1-1774-4233-8526-CFE3F90E1422}.Demo|x86.ActiveCfg = Debug|Any CPU
		{800029F1-1774-4233-8526-CFE3F90E1422}.Demo|x86.Build.0 = Debug|Any CPU
		{800029F1-1774-4233-8526-CFE3F90E1422}.Release|Any CPU.ActiveCfg = Release|Any CPU
		{800029F1-1774-4233-8526-CFE3F90E1422}.Release|Any CPU.Build.0 = Release|Any CPU
		{800029F1-1774-4233-8526-CFE3F90E1422}.Release|x86.ActiveCfg = Release|Any CPU
		{800029F1-1774-4233-8526-CFE3F90E1422}.Release|x86.Build.0 = Release|Any CPU
		{9821FDCB-2794-4DBC-AC33-E516901C4920}.Brad|Any CPU.ActiveCfg = Debug|Any CPU
		{9821FDCB-2794-4DBC-AC33-E516901C4920}.Brad|Any CPU.Build.0 = Debug|Any CPU
		{9821FDCB-2794-4DBC-AC33-E516901C4920}.Brad|x86.ActiveCfg = Debug|Any CPU
		{9821FDCB-2794-4DBC-AC33-E516901C4920}.Brad|x86.Build.0 = Debug|Any CPU
		{9821FDCB-2794-4DBC-AC33-E516901C4920}.Debug|Any CPU.ActiveCfg = Debug|Any CPU
		{9821FDCB-2794-4DBC-AC33-E516901C4920}.Debug|Any CPU.Build.0 = Debug|Any CPU
		{9821FDCB-2794-4DBC-AC33-E516901C4920}.Debug|x86.ActiveCfg = Debug|Any CPU
		{9821FDCB-2794-4DBC-AC33-E516901C4920}.Debug|x86.Build.0 = Debug|Any CPU
		{9821FDCB-2794-4DBC-AC33-E516901C4920}.Demo|Any CPU.ActiveCfg = Debug|Any CPU
		{9821FDCB-2794-4DBC-AC33-E516901C4920}.Demo|Any CPU.Build.0 = Debug|Any CPU
		{9821FDCB-2794-4DBC-AC33-E516901C4920}.Demo|x86.ActiveCfg = Debug|Any CPU
		{9821FDCB-2794-4DBC-AC33-E516901C4920}.Demo|x86.Build.0 = Debug|Any CPU
		{9821FDCB-2794-4DBC-AC33-E516901C4920}.Release|Any CPU.ActiveCfg = Release|Any CPU
		{9821FDCB-2794-4DBC-AC33-E516901C4920}.Release|Any CPU.Build.0 = Release|Any CPU
		{9821FDCB-2794-4DBC-AC33-E516901C4920}.Release|x86.ActiveCfg = Release|Any CPU
		{9821FDCB-2794-4DBC-AC33-E516901C4920}.Release|x86.Build.0 = Release|Any CPU
	EndGlobalSection
	GlobalSection(SolutionProperties) = preSolution
		HideSolutionNode = FALSE
	EndGlobalSection
	GlobalSection(ExtensibilityGlobals) = postSolution
		SolutionGuid = {3776D063-3C78-4566-B7CA-A4566D22579D}
	EndGlobalSection
EndGlobal
